
Microsoft Visual Studio Solution File, Format Version 12.00
# Visual Studio Version 17
VisualStudioVersion = 17.0.31912.275
MinimumVisualStudioVersion = 10.0.40219.1
Project("{8BC9CEB8-8B4A-11D0-8D11-00A0C91BC942}") = "KVCC", "KVCC.vcxproj", "{32F7DE62-9961-44AD-9C12-7CB9659C64EE}"
EndProject
Global
	GlobalSection(SolutionConfigurationPlatforms) = preSolution
		Debug|x64 = Debug|x64
		Debug|x86 = Debug|x86
		Release|x64 = Release|x64
		Release|x86 = Release|x86
	EndGlobalSection
	GlobalSection(ProjectConfigurationPlatforms) = postSolution
		{32F7DE62-9961-44AD-9C12-7CB9659C64EE}.Debug|x64.ActiveCfg = Debug|x64
		{32F7DE62-9961-44AD-9C12-7CB9659C64EE}.Debug|x64.Build.0 = Debug|x64
		{32F7DE62-9961-44AD-9C12-7CB9659C64EE}.Debug|x86.ActiveCfg = Debug|Win32
		{32F7DE62-9961-44AD-9C12-7CB9659C64EE}.Debug|x86.Build.0 = Debug|Win32
		{32F7DE62-9961-44AD-9C12-7CB9659C64EE}.Release|x64.ActiveCfg = Release|Win32
		{32F7DE62-9961-44AD-9C12-7CB9659C64EE}.Release|x64.Build.0 = Release|Win32
		{32F7DE62-9961-44AD-9C12-7CB9659C64EE}.Release|x86.ActiveCfg = Release|x64
		{32F7DE62-9961-44AD-9C12-7CB9659C64EE}.Release|x86.Build.0 = Release|x64
	EndGlobalSection
	GlobalSection(SolutionProperties) = preSolution
		HideSolutionNode = FALSE
	EndGlobalSection
	GlobalSection(ExtensibilityGlobals) = postSolution
		SolutionGuid = {87231B35-FCE6-47E4-8F8E-C10684BCD06B}
	EndGlobalSection
EndGlobal
